
Microsoft Visual Studio Solution File, Format Version 12.00
# Visual Studio 15
Project("{FAE04EC0-301F-11D3-BF4B-00C04F79EFBC}") = "Assembly-CSharp", "Assembly-CSharp.csproj", "{CE736260-EE1E-237E-EA67-21300248ED6C}"
EndProject
Global
	GlobalSection(SolutionConfigurationPlatforms) = preSolution
		Debug|Any CPU = Debug|Any CPU
		Release|Any CPU = Release|Any CPU
	EndGlobalSection
	GlobalSection(ProjectConfigurationPlatforms) = postSolution
		{CE736260-EE1E-237E-EA67-21300248ED6C}.Debug|Any CPU.ActiveCfg = Debug|Any CPU
		{CE736260-EE1E-237E-EA67-21300248ED6C}.Debug|Any CPU.Build.0 = Debug|Any CPU
		{CE736260-EE1E-237E-EA67-21300248ED6C}.Release|Any CPU.ActiveCfg = Release|Any CPU
		{CE736260-EE1E-237E-EA67-21300248ED6C}.Release|Any CPU.Build.0 = Release|Any CPU
	EndGlobalSection
	GlobalSection(SolutionProperties) = preSolution
		HideSolutionNode = FALSE
	EndGlobalSection
EndGlobal
